
Microsoft Visual Studio Solution File, Format Version 12.00
# Visual Studio Version 16
VisualStudioVersion = 16.0.30114.105
MinimumVisualStudioVersion = 10.0.40219.1
Project("{2150E333-8FDC-42A3-9474-1A3956D46DE8}") = "src", "src", "{11AFD1B4-7FCB-464A-AF66-0F282241F368}"
EndProject
Project("{2150E333-8FDC-42A3-9474-1A3956D46DE8}") = "tests", "tests", "{5BC897C6-2DDB-4539-8E77-28587E801E59}"
EndProject
Project("{2150E333-8FDC-42A3-9474-1A3956D46DE8}") = "items", "items", "{F853621B-5860-4E17-A16E-533473579865}"
	ProjectSection(SolutionItems) = preProject
		.gitignore = .gitignore
		docker-compose.yml = docker-compose.yml
	EndProjectSection
EndProject
Project("{FAE04EC0-301F-11D3-BF4B-00C04F79EFBC}") = "Sovcombank.FinancialTrading.Domain", "src\Sovcombank.FinancialTrading.Domain\Sovcombank.FinancialTrading.Domain.csproj", "{D9606E2D-280E-4C04-BEA4-0308F9579BBF}"
EndProject
Project("{FAE04EC0-301F-11D3-BF4B-00C04F79EFBC}") = "Sovcombank.FinancialTrading.Domain.Tests", "tests\Sovcombank.FinancialTrading.Domain.Tests\Sovcombank.FinancialTrading.Domain.Tests.csproj", "{3331D4F3-2F33-4BB6-A873-A67D4E3B3249}"
EndProject
Project("{FAE04EC0-301F-11D3-BF4B-00C04F79EFBC}") = "Sovcombank.FinancialTrading.Infrastructure", "src\Sovcombank.FinancialTrading.Infrastructure\Sovcombank.FinancialTrading.Infrastructure.csproj", "{A93D58DE-8C23-41B9-A14F-191E41FC1899}"
EndProject
Project("{FAE04EC0-301F-11D3-BF4B-00C04F79EFBC}") = "Sovcombank.FinancialTrading.Application", "src\Sovcombank.FinancialTrading.Application\Sovcombank.FinancialTrading.Application.csproj", "{080FC75B-DFE5-47E4-AB19-C3600F1BC00E}"
EndProject
Global
	GlobalSection(SolutionConfigurationPlatforms) = preSolution
		Debug|Any CPU = Debug|Any CPU
		Release|Any CPU = Release|Any CPU
	EndGlobalSection
	GlobalSection(SolutionProperties) = preSolution
		HideSolutionNode = FALSE
	EndGlobalSection
	GlobalSection(NestedProjects) = preSolution
		{D9606E2D-280E-4C04-BEA4-0308F9579BBF} = {11AFD1B4-7FCB-464A-AF66-0F282241F368}
		{3331D4F3-2F33-4BB6-A873-A67D4E3B3249} = {5BC897C6-2DDB-4539-8E77-28587E801E59}
		{A93D58DE-8C23-41B9-A14F-191E41FC1899} = {11AFD1B4-7FCB-464A-AF66-0F282241F368}
		{080FC75B-DFE5-47E4-AB19-C3600F1BC00E} = {11AFD1B4-7FCB-464A-AF66-0F282241F368}
	EndGlobalSection
	GlobalSection(ProjectConfigurationPlatforms) = postSolution
		{D9606E2D-280E-4C04-BEA4-0308F9579BBF}.Debug|Any CPU.ActiveCfg = Debug|Any CPU
		{D9606E2D-280E-4C04-BEA4-0308F9579BBF}.Debug|Any CPU.Build.0 = Debug|Any CPU
		{D9606E2D-280E-4C04-BEA4-0308F9579BBF}.Release|Any CPU.ActiveCfg = Release|Any CPU
		{D9606E2D-280E-4C04-BEA4-0308F9579BBF}.Release|Any CPU.Build.0 = Release|Any CPU
		{3331D4F3-2F33-4BB6-A873-A67D4E3B3249}.Debug|Any CPU.ActiveCfg = Debug|Any CPU
		{3331D4F3-2F33-4BB6-A873-A67D4E3B3249}.Debug|Any CPU.Build.0 = Debug|Any CPU
		{3331D4F3-2F33-4BB6-A873-A67D4E3B3249}.Release|Any CPU.ActiveCfg = Release|Any CPU
		{3331D4F3-2F33-4BB6-A873-A67D4E3B3249}.Release|Any CPU.Build.0 = Release|Any CPU
		{A93D58DE-8C23-41B9-A14F-191E41FC1899}.Debug|Any CPU.ActiveCfg = Debug|Any CPU
		{A93D58DE-8C23-41B9-A14F-191E41FC1899}.Debug|Any CPU.Build.0 = Debug|Any CPU
		{A93D58DE-8C23-41B9-A14F-191E41FC1899}.Release|Any CPU.ActiveCfg = Release|Any CPU
		{A93D58DE-8C23-41B9-A14F-191E41FC1899}.Release|Any CPU.Build.0 = Release|Any CPU
		{080FC75B-DFE5-47E4-AB19-C3600F1BC00E}.Debug|Any CPU.ActiveCfg = Debug|Any CPU
		{080FC75B-DFE5-47E4-AB19-C3600F1BC00E}.Debug|Any CPU.Build.0 = Debug|Any CPU
		{080FC75B-DFE5-47E4-AB19-C3600F1BC00E}.Release|Any CPU.ActiveCfg = Release|Any CPU
		{080FC75B-DFE5-47E4-AB19-C3600F1BC00E}.Release|Any CPU.Build.0 = Release|Any CPU
	EndGlobalSection
EndGlobal
